// !$*UTF8*$!
{
	archiveVersion = 1;
	classes = {
	};
	objectVersion = 46;
	objects = {

/* Begin PBXBuildFile section */
		1507DBBF90C4AE40AAB8E1DF /* Pods_ShoppingListSingle.framework in Frameworks */ = {isa = PBXBuildFile; fileRef = FAC70ECDD71764336B855BDB /* Pods_ShoppingListSingle.framework */; };
		AD061FD11CBFE035009B4448 /* RecipeTableViewCell.swift in Sources */ = {isa = PBXBuildFile; fileRef = AD061FD01CBFE035009B4448 /* RecipeTableViewCell.swift */; };
		AD0F3A4A1CA1D3F100CDC1E2 /* AppDelegate.swift in Sources */ = {isa = PBXBuildFile; fileRef = AD0F3A491CA1D3F100CDC1E2 /* AppDelegate.swift */; };
		AD0F3A4C1CA1D3F100CDC1E2 /* ShoppingListViewController.swift in Sources */ = {isa = PBXBuildFile; fileRef = AD0F3A4B1CA1D3F100CDC1E2 /* ShoppingListViewController.swift */; };
		AD0F3A4F1CA1D3F100CDC1E2 /* Main.storyboard in Resources */ = {isa = PBXBuildFile; fileRef = AD0F3A4D1CA1D3F100CDC1E2 /* Main.storyboard */; };
		AD0F3A521CA1D3F100CDC1E2 /* ShoppingListSingle.xcdatamodeld in Sources */ = {isa = PBXBuildFile; fileRef = AD0F3A501CA1D3F100CDC1E2 /* ShoppingListSingle.xcdatamodeld */; };
		AD0F3A541CA1D3F100CDC1E2 /* Assets.xcassets in Resources */ = {isa = PBXBuildFile; fileRef = AD0F3A531CA1D3F100CDC1E2 /* Assets.xcassets */; };
		AD0F3A571CA1D3F100CDC1E2 /* LaunchScreen.storyboard in Resources */ = {isa = PBXBuildFile; fileRef = AD0F3A551CA1D3F100CDC1E2 /* LaunchScreen.storyboard */; };
		AD3527AA1CEB692F009FC3D9 /* Reachability.m in Sources */ = {isa = PBXBuildFile; fileRef = AD3527A91CEB692F009FC3D9 /* Reachability.m */; };
		AD57DDA71CB5A55600F75893 /* RecipesListViewController.swift in Sources */ = {isa = PBXBuildFile; fileRef = AD57DDA61CB5A55600F75893 /* RecipesListViewController.swift */; };
		AD57DDA91CB5AFE500F75893 /* Recipe.swift in Sources */ = {isa = PBXBuildFile; fileRef = AD57DDA81CB5AFE500F75893 /* Recipe.swift */; };
		AD57DDAD1CB5BB0700F75893 /* RecipeDetailViewController.swift in Sources */ = {isa = PBXBuildFile; fileRef = AD57DDAC1CB5BB0700F75893 /* RecipeDetailViewController.swift */; };
		AD6A96D11CA9E3710060BADC /* ShoppingItem.swift in Sources */ = {isa = PBXBuildFile; fileRef = AD6A96D01CA9E3710060BADC /* ShoppingItem.swift */; };
		AD70C1CD1CB41F7C00425A74 /* FoodForkRecipes.swift in Sources */ = {isa = PBXBuildFile; fileRef = AD70C1CC1CB41F7C00425A74 /* FoodForkRecipes.swift */; };
		ADDB5A9B1CC1741200CBBD09 /* FavoriteRecipes.swift in Sources */ = {isa = PBXBuildFile; fileRef = ADDB5A9A1CC1741200CBBD09 /* FavoriteRecipes.swift */; };
/* End PBXBuildFile section */

/* Begin PBXFileReference section */
		270ABD70A5FF1CFF6AD03A1D /* Pods-ShoppingListSingle.release.xcconfig */ = {isa = PBXFileReference; includeInIndex = 1; lastKnownFileType = text.xcconfig; name = "Pods-ShoppingListSingle.release.xcconfig"; path = "Pods/Target Support Files/Pods-ShoppingListSingle/Pods-ShoppingListSingle.release.xcconfig"; sourceTree = "<group>"; };
		AD061FD01CBFE035009B4448 /* RecipeTableViewCell.swift */ = {isa = PBXFileReference; fileEncoding = 4; lastKnownFileType = sourcecode.swift; path = RecipeTableViewCell.swift; sourceTree = "<group>"; };
		AD0F3A461CA1D3F100CDC1E2 /* Grocery Pal.app */ = {isa = PBXFileReference; explicitFileType = wrapper.application; includeInIndex = 0; path = "Grocery Pal.app"; sourceTree = BUILT_PRODUCTS_DIR; };
		AD0F3A491CA1D3F100CDC1E2 /* AppDelegate.swift */ = {isa = PBXFileReference; lastKnownFileType = sourcecode.swift; path = AppDelegate.swift; sourceTree = "<group>"; };
		AD0F3A4B1CA1D3F100CDC1E2 /* ShoppingListViewController.swift */ = {isa = PBXFileReference; lastKnownFileType = sourcecode.swift; path = ShoppingListViewController.swift; sourceTree = "<group>"; };
		AD0F3A4E1CA1D3F100CDC1E2 /* Base */ = {isa = PBXFileReference; lastKnownFileType = file.storyboard; name = Base; path = Base.lproj/Main.storyboard; sourceTree = "<group>"; };
		AD0F3A511CA1D3F100CDC1E2 /* ShoppingListSingle.xcdatamodel */ = {isa = PBXFileReference; lastKnownFileType = wrapper.xcdatamodel; path = ShoppingListSingle.xcdatamodel; sourceTree = "<group>"; };
		AD0F3A531CA1D3F100CDC1E2 /* Assets.xcassets */ = {isa = PBXFileReference; lastKnownFileType = folder.assetcatalog; path = Assets.xcassets; sourceTree = "<group>"; };
		AD0F3A561CA1D3F100CDC1E2 /* Base */ = {isa = PBXFileReference; lastKnownFileType = file.storyboard; name = Base; path = Base.lproj/LaunchScreen.storyboard; sourceTree = "<group>"; };
		AD0F3A581CA1D3F100CDC1E2 /* Info.plist */ = {isa = PBXFileReference; lastKnownFileType = text.plist.xml; path = Info.plist; sourceTree = "<group>"; };
		AD3527A71CEB692E009FC3D9 /* Grocery Pal-Bridging-Header.h */ = {isa = PBXFileReference; lastKnownFileType = sourcecode.c.h; path = "Grocery Pal-Bridging-Header.h"; sourceTree = "<group>"; };
		AD3527A81CEB692F009FC3D9 /* Reachability.h */ = {isa = PBXFileReference; fileEncoding = 4; lastKnownFileType = sourcecode.c.h; path = Reachability.h; sourceTree = "<group>"; };
		AD3527A91CEB692F009FC3D9 /* Reachability.m */ = {isa = PBXFileReference; fileEncoding = 4; lastKnownFileType = sourcecode.c.objc; path = Reachability.m; sourceTree = "<group>"; };
		AD57DDA61CB5A55600F75893 /* RecipesListViewController.swift */ = {isa = PBXFileReference; fileEncoding = 4; lastKnownFileType = sourcecode.swift; path = RecipesListViewController.swift; sourceTree = "<group>"; };
		AD57DDA81CB5AFE500F75893 /* Recipe.swift */ = {isa = PBXFileReference; fileEncoding = 4; lastKnownFileType = sourcecode.swift; path = Recipe.swift; sourceTree = "<group>"; };
		AD57DDAC1CB5BB0700F75893 /* RecipeDetailViewController.swift */ = {isa = PBXFileReference; fileEncoding = 4; lastKnownFileType = sourcecode.swift; path = RecipeDetailViewController.swift; sourceTree = "<group>"; };
		AD6A96D01CA9E3710060BADC /* ShoppingItem.swift */ = {isa = PBXFileReference; fileEncoding = 4; lastKnownFileType = sourcecode.swift; path = ShoppingItem.swift; sourceTree = "<group>"; };
		AD70C1CC1CB41F7C00425A74 /* FoodForkRecipes.swift */ = {isa = PBXFileReference; fileEncoding = 4; lastKnownFileType = sourcecode.swift; path = FoodForkRecipes.swift; sourceTree = "<group>"; };
		ADDB5A9A1CC1741200CBBD09 /* FavoriteRecipes.swift */ = {isa = PBXFileReference; fileEncoding = 4; lastKnownFileType = sourcecode.swift; path = FavoriteRecipes.swift; sourceTree = "<group>"; };
		D75FCADDCE2C47E8784E5CB7 /* Pods-ShoppingListSingle.debug.xcconfig */ = {isa = PBXFileReference; includeInIndex = 1; lastKnownFileType = text.xcconfig; name = "Pods-ShoppingListSingle.debug.xcconfig"; path = "Pods/Target Support Files/Pods-ShoppingListSingle/Pods-ShoppingListSingle.debug.xcconfig"; sourceTree = "<group>"; };
		FAC70ECDD71764336B855BDB /* Pods_ShoppingListSingle.framework */ = {isa = PBXFileReference; explicitFileType = wrapper.framework; includeInIndex = 0; path = Pods_ShoppingListSingle.framework; sourceTree = BUILT_PRODUCTS_DIR; };
/* End PBXFileReference section */

/* Begin PBXFrameworksBuildPhase section */
		AD0F3A431CA1D3F100CDC1E2 /* Frameworks */ = {
			isa = PBXFrameworksBuildPhase;
			buildActionMask = 2147483647;
			files = (
				1507DBBF90C4AE40AAB8E1DF /* Pods_ShoppingListSingle.framework in Frameworks */,
			);
			runOnlyForDeploymentPostprocessing = 0;
		};
/* End PBXFrameworksBuildPhase section */

/* Begin PBXGroup section */
		01F22B447EA7F6355186DD63 /* Frameworks */ = {
			isa = PBXGroup;
			children = (
				FAC70ECDD71764336B855BDB /* Pods_ShoppingListSingle.framework */,
			);
			name = Frameworks;
			sourceTree = "<group>";
		};
		6D8633ECB2836042479A5EAF /* Pods */ = {
			isa = PBXGroup;
			children = (
				D75FCADDCE2C47E8784E5CB7 /* Pods-ShoppingListSingle.debug.xcconfig */,
				270ABD70A5FF1CFF6AD03A1D /* Pods-ShoppingListSingle.release.xcconfig */,
			);
			name = Pods;
			sourceTree = "<group>";
		};
		AD0F3A3D1CA1D3F100CDC1E2 = {
			isa = PBXGroup;
			children = (
				AD0F3A481CA1D3F100CDC1E2 /* ShoppingListSingle */,
				AD0F3A471CA1D3F100CDC1E2 /* Products */,
				6D8633ECB2836042479A5EAF /* Pods */,
				01F22B447EA7F6355186DD63 /* Frameworks */,
			);
			sourceTree = "<group>";
		};
		AD0F3A471CA1D3F100CDC1E2 /* Products */ = {
			isa = PBXGroup;
			children = (
				AD0F3A461CA1D3F100CDC1E2 /* Grocery Pal.app */,
			);
			name = Products;
			sourceTree = "<group>";
		};
		AD0F3A481CA1D3F100CDC1E2 /* ShoppingListSingle */ = {
			isa = PBXGroup;
			children = (
				AD3527A61CEB68F3009FC3D9 /* Supporting Files */,
				AD6A96CF1CA9E3630060BADC /* Model */,
				ADCD63081CCFB7F1006D973F /* View */,
				ADCD63071CCFB7CC006D973F /* Controller */,
				AD0F3A531CA1D3F100CDC1E2 /* Assets.xcassets */,
				AD0F3A491CA1D3F100CDC1E2 /* AppDelegate.swift */,
				AD0F3A581CA1D3F100CDC1E2 /* Info.plist */,
			);
			path = ShoppingListSingle;
			sourceTree = "<group>";
		};
		AD3527A61CEB68F3009FC3D9 /* Supporting Files */ = {
			isa = PBXGroup;
			children = (
				AD3527A81CEB692F009FC3D9 /* Reachability.h */,
				AD3527A91CEB692F009FC3D9 /* Reachability.m */,
				AD3527A71CEB692E009FC3D9 /* Grocery Pal-Bridging-Header.h */,
			);
			name = "Supporting Files";
			sourceTree = "<group>";
		};
		AD6A96CF1CA9E3630060BADC /* Model */ = {
			isa = PBXGroup;
			children = (
				AD6A96D01CA9E3710060BADC /* ShoppingItem.swift */,
				AD70C1CC1CB41F7C00425A74 /* FoodForkRecipes.swift */,
				AD57DDA81CB5AFE500F75893 /* Recipe.swift */,
				ADDB5A9A1CC1741200CBBD09 /* FavoriteRecipes.swift */,
			);
			name = Model;
			sourceTree = "<group>";
		};
		ADCD63071CCFB7CC006D973F /* Controller */ = {
			isa = PBXGroup;
			children = (
				AD57DDA61CB5A55600F75893 /* RecipesListViewController.swift */,
				AD57DDAC1CB5BB0700F75893 /* RecipeDetailViewController.swift */,
				AD0F3A4B1CA1D3F100CDC1E2 /* ShoppingListViewController.swift */,
				AD0F3A501CA1D3F100CDC1E2 /* ShoppingListSingle.xcdatamodeld */,
			);
			name = Controller;
			sourceTree = "<group>";
		};
		ADCD63081CCFB7F1006D973F /* View */ = {
			isa = PBXGroup;
			children = (
				AD061FD01CBFE035009B4448 /* RecipeTableViewCell.swift */,
				AD0F3A4D1CA1D3F100CDC1E2 /* Main.storyboard */,
				AD0F3A551CA1D3F100CDC1E2 /* LaunchScreen.storyboard */,
			);
			name = View;
			sourceTree = "<group>";
		};
/* End PBXGroup section */

/* Begin PBXNativeTarget section */
		AD0F3A451CA1D3F100CDC1E2 /* Grocery Pal */ = {
			isa = PBXNativeTarget;
			buildConfigurationList = AD0F3A5B1CA1D3F100CDC1E2 /* Build configuration list for PBXNativeTarget "Grocery Pal" */;
			buildPhases = (
				6D2825BA73AB4AB45797263C /* Check Pods Manifest.lock */,
				AD0F3A421CA1D3F100CDC1E2 /* Sources */,
				AD0F3A431CA1D3F100CDC1E2 /* Frameworks */,
				AD0F3A441CA1D3F100CDC1E2 /* Resources */,
				A55E4274E1D2EDC0B4FDDA53 /* Embed Pods Frameworks */,
				4A6BEE6336571E259874D3A6 /* Copy Pods Resources */,
			);
			buildRules = (
			);
			dependencies = (
			);
			name = "Grocery Pal";
			productName = ShoppingListSingle;
			productReference = AD0F3A461CA1D3F100CDC1E2 /* Grocery Pal.app */;
			productType = "com.apple.product-type.application";
		};
/* End PBXNativeTarget section */

/* Begin PBXProject section */
		AD0F3A3E1CA1D3F100CDC1E2 /* Project object */ = {
			isa = PBXProject;
			attributes = {
				LastSwiftUpdateCheck = 0730;
				LastUpgradeCheck = 0700;
				ORGANIZATIONNAME = Ivie;
				TargetAttributes = {
					AD0F3A451CA1D3F100CDC1E2 = {
						CreatedOnToolsVersion = 7.0.1;
						DevelopmentTeam = 859LK3T2WH;
					};
				};
			};
			buildConfigurationList = AD0F3A411CA1D3F100CDC1E2 /* Build configuration list for PBXProject "Grocery Pal" */;
			compatibilityVersion = "Xcode 3.2";
			developmentRegion = English;
			hasScannedForEncodings = 0;
			knownRegions = (
				en,
				Base,
			);
			mainGroup = AD0F3A3D1CA1D3F100CDC1E2;
			productRefGroup = AD0F3A471CA1D3F100CDC1E2 /* Products */;
			projectDirPath = "";
			projectRoot = "";
			targets = (
				AD0F3A451CA1D3F100CDC1E2 /* Grocery Pal */,
			);
		};
/* End PBXProject section */

/* Begin PBXResourcesBuildPhase section */
		AD0F3A441CA1D3F100CDC1E2 /* Resources */ = {
			isa = PBXResourcesBuildPhase;
			buildActionMask = 2147483647;
			files = (
				AD0F3A571CA1D3F100CDC1E2 /* LaunchScreen.storyboard in Resources */,
				AD0F3A541CA1D3F100CDC1E2 /* Assets.xcassets in Resources */,
				AD0F3A4F1CA1D3F100CDC1E2 /* Main.storyboard in Resources */,
			);
			runOnlyForDeploymentPostprocessing = 0;
		};
/* End PBXResourcesBuildPhase section */

/* Begin PBXShellScriptBuildPhase section */
		4A6BEE6336571E259874D3A6 /* Copy Pods Resources */ = {
			isa = PBXShellScriptBuildPhase;
			buildActionMask = 2147483647;
			files = (
			);
			inputPaths = (
			);
			name = "Copy Pods Resources";
			outputPaths = (
			);
			runOnlyForDeploymentPostprocessing = 0;
			shellPath = /bin/sh;
			shellScript = "\"${SRCROOT}/Pods/Target Support Files/Pods-ShoppingListSingle/Pods-ShoppingListSingle-resources.sh\"\n";
			showEnvVarsInLog = 0;
		};
		6D2825BA73AB4AB45797263C /* Check Pods Manifest.lock */ = {
			isa = PBXShellScriptBuildPhase;
			buildActionMask = 2147483647;
			files = (
			);
			inputPaths = (
			);
			name = "Check Pods Manifest.lock";
			outputPaths = (
			);
			runOnlyForDeploymentPostprocessing = 0;
			shellPath = /bin/sh;
			shellScript = "diff \"${PODS_ROOT}/../Podfile.lock\" \"${PODS_ROOT}/Manifest.lock\" > /dev/null\nif [[ $? != 0 ]] ; then\n    cat << EOM\nerror: The sandbox is not in sync with the Podfile.lock. Run 'pod install' or update your CocoaPods installation.\nEOM\n    exit 1\nfi\n";
			showEnvVarsInLog = 0;
		};
		A55E4274E1D2EDC0B4FDDA53 /* Embed Pods Frameworks */ = {
			isa = PBXShellScriptBuildPhase;
			buildActionMask = 2147483647;
			files = (
			);
			inputPaths = (
			);
			name = "Embed Pods Frameworks";
			outputPaths = (
			);
			runOnlyForDeploymentPostprocessing = 0;
			shellPath = /bin/sh;
			shellScript = "\"${SRCROOT}/Pods/Target Support Files/Pods-ShoppingListSingle/Pods-ShoppingListSingle-frameworks.sh\"\n";
			showEnvVarsInLog = 0;
		};
/* End PBXShellScriptBuildPhase section */

/* Begin PBXSourcesBuildPhase section */
		AD0F3A421CA1D3F100CDC1E2 /* Sources */ = {
			isa = PBXSourcesBuildPhase;
			buildActionMask = 2147483647;
			files = (
				AD6A96D11CA9E3710060BADC /* ShoppingItem.swift in Sources */,
				ADDB5A9B1CC1741200CBBD09 /* FavoriteRecipes.swift in Sources */,
				AD0F3A4C1CA1D3F100CDC1E2 /* ShoppingListViewController.swift in Sources */,
				AD3527AA1CEB692F009FC3D9 /* Reachability.m in Sources */,
				AD57DDAD1CB5BB0700F75893 /* RecipeDetailViewController.swift in Sources */,
				AD061FD11CBFE035009B4448 /* RecipeTableViewCell.swift in Sources */,
				AD57DDA91CB5AFE500F75893 /* Recipe.swift in Sources */,
				AD57DDA71CB5A55600F75893 /* RecipesListViewController.swift in Sources */,
				AD70C1CD1CB41F7C00425A74 /* FoodForkRecipes.swift in Sources */,
				AD0F3A4A1CA1D3F100CDC1E2 /* AppDelegate.swift in Sources */,
				AD0F3A521CA1D3F100CDC1E2 /* ShoppingListSingle.xcdatamodeld in Sources */,
			);
			runOnlyForDeploymentPostprocessing = 0;
		};
/* End PBXSourcesBuildPhase section */

/* Begin PBXVariantGroup section */
		AD0F3A4D1CA1D3F100CDC1E2 /* Main.storyboard */ = {
			isa = PBXVariantGroup;
			children = (
				AD0F3A4E1CA1D3F100CDC1E2 /* Base */,
			);
			name = Main.storyboard;
			sourceTree = "<group>";
		};
		AD0F3A551CA1D3F100CDC1E2 /* LaunchScreen.storyboard */ = {
			isa = PBXVariantGroup;
			children = (
				AD0F3A561CA1D3F100CDC1E2 /* Base */,
			);
			name = LaunchScreen.storyboard;
			sourceTree = "<group>";
		};
/* End PBXVariantGroup section */

/* Begin XCBuildConfiguration section */
		AD0F3A591CA1D3F100CDC1E2 /* Debug */ = {
			isa = XCBuildConfiguration;
			buildSettings = {
				ALWAYS_SEARCH_USER_PATHS = NO;
				CLANG_CXX_LANGUAGE_STANDARD = "gnu++0x";
				CLANG_CXX_LIBRARY = "libc++";
				CLANG_ENABLE_MODULES = YES;
				CLANG_ENABLE_OBJC_ARC = YES;
				CLANG_WARN_BOOL_CONVERSION = YES;
				CLANG_WARN_CONSTANT_CONVERSION = YES;
				CLANG_WARN_DIRECT_OBJC_ISA_USAGE = YES_ERROR;
				CLANG_WARN_EMPTY_BODY = YES;
				CLANG_WARN_ENUM_CONVERSION = YES;
				CLANG_WARN_INT_CONVERSION = YES;
				CLANG_WARN_OBJC_ROOT_CLASS = YES_ERROR;
				CLANG_WARN_UNREACHABLE_CODE = YES;
				CLANG_WARN__DUPLICATE_METHOD_MATCH = YES;
				"CODE_SIGN_IDENTITY[sdk=iphoneos*]" = "iPhone Developer";
				COPY_PHASE_STRIP = NO;
				DEBUG_INFORMATION_FORMAT = dwarf;
				ENABLE_STRICT_OBJC_MSGSEND = YES;
				ENABLE_TESTABILITY = YES;
				GCC_C_LANGUAGE_STANDARD = gnu99;
				GCC_DYNAMIC_NO_PIC = NO;
				GCC_NO_COMMON_BLOCKS = YES;
				GCC_OPTIMIZATION_LEVEL = 0;
				GCC_PREPROCESSOR_DEFINITIONS = (
					"DEBUG=1",
					"$(inherited)",
				);
				GCC_WARN_64_TO_32_BIT_CONVERSION = YES;
				GCC_WARN_ABOUT_RETURN_TYPE = YES_ERROR;
				GCC_WARN_UNDECLARED_SELECTOR = YES;
				GCC_WARN_UNINITIALIZED_AUTOS = YES_AGGRESSIVE;
				GCC_WARN_UNUSED_FUNCTION = YES;
				GCC_WARN_UNUSED_VARIABLE = YES;
				IPHONEOS_DEPLOYMENT_TARGET = 9.0;
				MTL_ENABLE_DEBUG_INFO = YES;
				ONLY_ACTIVE_ARCH = YES;
				SDKROOT = iphoneos;
				SWIFT_OPTIMIZATION_LEVEL = "-Onone";
			};
			name = Debug;
		};
		AD0F3A5A1CA1D3F100CDC1E2 /* Release */ = {
			isa = XCBuildConfiguration;
			buildSettings = {
				ALWAYS_SEARCH_USER_PATHS = NO;
				CLANG_CXX_LANGUAGE_STANDARD = "gnu++0x";
				CLANG_CXX_LIBRARY = "libc++";
				CLANG_ENABLE_MODULES = YES;
				CLANG_ENABLE_OBJC_ARC = YES;
				CLANG_WARN_BOOL_CONVERSION = YES;
				CLANG_WARN_CONSTANT_CONVERSION = YES;
				CLANG_WARN_DIRECT_OBJC_ISA_USAGE = YES_ERROR;
				CLANG_WARN_EMPTY_BODY = YES;
				CLANG_WARN_ENUM_CONVERSION = YES;
				CLANG_WARN_INT_CONVERSION = YES;
				CLANG_WARN_OBJC_ROOT_CLASS = YES_ERROR;
				CLANG_WARN_UNREACHABLE_CODE = YES;
				CLANG_WARN__DUPLICATE_METHOD_MATCH = YES;
				"CODE_SIGN_IDENTITY[sdk=iphoneos*]" = "iPhone Developer";
				COPY_PHASE_STRIP = NO;
				DEBUG_INFORMATION_FORMAT = "dwarf-with-dsym";
				ENABLE_NS_ASSERTIONS = NO;
				ENABLE_STRICT_OBJC_MSGSEND = YES;
				GCC_C_LANGUAGE_STANDARD = gnu99;
				GCC_NO_COMMON_BLOCKS = YES;
				GCC_WARN_64_TO_32_BIT_CONVERSION = YES;
				GCC_WARN_ABOUT_RETURN_TYPE = YES_ERROR;
				GCC_WARN_UNDECLARED_SELECTOR = YES;
				GCC_WARN_UNINITIALIZED_AUTOS = YES_AGGRESSIVE;
				GCC_WARN_UNUSED_FUNCTION = YES;
				GCC_WARN_UNUSED_VARIABLE = YES;
				IPHONEOS_DEPLOYMENT_TARGET = 9.0;
				MTL_ENABLE_DEBUG_INFO = NO;
				SDKROOT = iphoneos;
				VALIDATE_PRODUCT = YES;
			};
			name = Release;
		};
		AD0F3A5C1CA1D3F100CDC1E2 /* Debug */ = {
			isa = XCBuildConfiguration;
			baseConfigurationReference = D75FCADDCE2C47E8784E5CB7 /* Pods-ShoppingListSingle.debug.xcconfig */;
			buildSettings = {
				ASSETCATALOG_COMPILER_APPICON_NAME = AppIcon;
				CLANG_ENABLE_MODULES = YES;
				CODE_SIGN_IDENTITY = "iPhone Developer";
				"CODE_SIGN_IDENTITY[sdk=iphoneos*]" = "iPhone Developer";
				INFOPLIST_FILE = ShoppingListSingle/Info.plist;
				LD_RUNPATH_SEARCH_PATHS = "$(inherited) @executable_path/Frameworks";
				PRODUCT_BUNDLE_IDENTIFIER = com.ivie.GroceryPal;
				PRODUCT_NAME = "Grocery Pal";
				PROVISIONING_PROFILE = "";
				SWIFT_OBJC_BRIDGING_HEADER = "ShoppingListSingle/Grocery Pal-Bridging-Header.h";
				SWIFT_OPTIMIZATION_LEVEL = "-Onone";
			};
			name = Debug;
		};
		AD0F3A5D1CA1D3F100CDC1E2 /* Release */ = {
			isa = XCBuildConfiguration;
			baseConfigurationReference = 270ABD70A5FF1CFF6AD03A1D /* Pods-ShoppingListSingle.release.xcconfig */;
			buildSettings = {
				ASSETCATALOG_COMPILER_APPICON_NAME = AppIcon;
				CLANG_ENABLE_MODULES = YES;
				CODE_SIGN_IDENTITY = "iPhone Developer";
				"CODE_SIGN_IDENTITY[sdk=iphoneos*]" = "iPhone Developer";
				INFOPLIST_FILE = ShoppingListSingle/Info.plist;
				LD_RUNPATH_SEARCH_PATHS = "$(inherited) @executable_path/Frameworks";
				PRODUCT_BUNDLE_IDENTIFIER = com.ivie.GroceryPal;
				PRODUCT_NAME = "Grocery Pal";
				PROVISIONING_PROFILE = "";
				SWIFT_OBJC_BRIDGING_HEADER = "ShoppingListSingle/Grocery Pal-Bridging-Header.h";
			};
			name = Release;
		};
/* End XCBuildConfiguration section */

/* Begin XCConfigurationList section */
		AD0F3A411CA1D3F100CDC1E2 /* Build configuration list for PBXProject "Grocery Pal" */ = {
			isa = XCConfigurationList;
			buildConfigurations = (
				AD0F3A591CA1D3F100CDC1E2 /* Debug */,
				AD0F3A5A1CA1D3F100CDC1E2 /* Release */,
			);
			defaultConfigurationIsVisible = 0;
			defaultConfigurationName = Release;
		};
		AD0F3A5B1CA1D3F100CDC1E2 /* Build configuration list for PBXNativeTarget "Grocery Pal" */ = {
			isa = XCConfigurationList;
			buildConfigurations = (
				AD0F3A5C1CA1D3F100CDC1E2 /* Debug */,
				AD0F3A5D1CA1D3F100CDC1E2 /* Release */,
			);
			defaultConfigurationIsVisible = 0;
			defaultConfigurationName = Release;
		};
/* End XCConfigurationList section */

/* Begin XCVersionGroup section */
		AD0F3A501CA1D3F100CDC1E2 /* ShoppingListSingle.xcdatamodeld */ = {
			isa = XCVersionGroup;
			children = (
				AD0F3A511CA1D3F100CDC1E2 /* ShoppingListSingle.xcdatamodel */,
			);
			currentVersion = AD0F3A511CA1D3F100CDC1E2 /* ShoppingListSingle.xcdatamodel */;
			path = ShoppingListSingle.xcdatamodeld;
			sourceTree = "<group>";
			versionGroupType = wrapper.xcdatamodel;
		};
/* End XCVersionGroup section */
	};
	rootObject = AD0F3A3E1CA1D3F100CDC1E2 /* Project object */;
}
