// !$*UTF8*$!
{
	archiveVersion = 1;
	classes = {
	};
	objectVersion = 46;
	objects = {

/* Begin PBXBuildFile section */
		AD0F3A4A1CA1D3F100CDC1E2 /* AppDelegate.swift in Sources */ = {isa = PBXBuildFile; fileRef = AD0F3A491CA1D3F100CDC1E2 /* AppDelegate.swift */; };
		AD0F3A4C1CA1D3F100CDC1E2 /* ShoppingListViewController.swift in Sources */ = {isa = PBXBuildFile; fileRef = AD0F3A4B1CA1D3F100CDC1E2 /* ShoppingListViewController.swift */; };
		AD0F3A4F1CA1D3F100CDC1E2 /* Main.storyboard in Resources */ = {isa = PBXBuildFile; fileRef = AD0F3A4D1CA1D3F100CDC1E2 /* Main.storyboard */; };
		AD0F3A521CA1D3F100CDC1E2 /* ShoppingListSingle.xcdatamodeld in Sources */ = {isa = PBXBuildFile; fileRef = AD0F3A501CA1D3F100CDC1E2 /* ShoppingListSingle.xcdatamodeld */; };
		AD0F3A541CA1D3F100CDC1E2 /* Assets.xcassets in Resources */ = {isa = PBXBuildFile; fileRef = AD0F3A531CA1D3F100CDC1E2 /* Assets.xcassets */; };
		AD0F3A571CA1D3F100CDC1E2 /* LaunchScreen.storyboard in Resources */ = {isa = PBXBuildFile; fileRef = AD0F3A551CA1D3F100CDC1E2 /* LaunchScreen.storyboard */; };
		AD6A96D11CA9E3710060BADC /* ShoppingItem.swift in Sources */ = {isa = PBXBuildFile; fileRef = AD6A96D01CA9E3710060BADC /* ShoppingItem.swift */; settings = {ASSET_TAGS = (); }; };
/* End PBXBuildFile section */

/* Begin PBXFileReference section */
		AD0F3A461CA1D3F100CDC1E2 /* ShoppingListSingle.app */ = {isa = PBXFileReference; explicitFileType = wrapper.application; includeInIndex = 0; path = ShoppingListSingle.app; sourceTree = BUILT_PRODUCTS_DIR; };
		AD0F3A491CA1D3F100CDC1E2 /* AppDelegate.swift */ = {isa = PBXFileReference; lastKnownFileType = sourcecode.swift; path = AppDelegate.swift; sourceTree = "<group>"; };
		AD0F3A4B1CA1D3F100CDC1E2 /* ShoppingListViewController.swift */ = {isa = PBXFileReference; lastKnownFileType = sourcecode.swift; path = ShoppingListViewController.swift; sourceTree = "<group>"; };
		AD0F3A4E1CA1D3F100CDC1E2 /* Base */ = {isa = PBXFileReference; lastKnownFileType = file.storyboard; name = Base; path = Base.lproj/Main.storyboard; sourceTree = "<group>"; };
		AD0F3A511CA1D3F100CDC1E2 /* ShoppingListSingle.xcdatamodel */ = {isa = PBXFileReference; lastKnownFileType = wrapper.xcdatamodel; path = ShoppingListSingle.xcdatamodel; sourceTree = "<group>"; };
		AD0F3A531CA1D3F100CDC1E2 /* Assets.xcassets */ = {isa = PBXFileReference; lastKnownFileType = folder.assetcatalog; path = Assets.xcassets; sourceTree = "<group>"; };
		AD0F3A561CA1D3F100CDC1E2 /* Base */ = {isa = PBXFileReference; lastKnownFileType = file.storyboard; name = Base; path = Base.lproj/LaunchScreen.storyboard; sourceTree = "<group>"; };
		AD0F3A581CA1D3F100CDC1E2 /* Info.plist */ = {isa = PBXFileReference; lastKnownFileType = text.plist.xml; path = Info.plist; sourceTree = "<group>"; };
		AD6A96D01CA9E3710060BADC /* ShoppingItem.swift */ = {isa = PBXFileReference; fileEncoding = 4; lastKnownFileType = sourcecode.swift; path = ShoppingItem.swift; sourceTree = "<group>"; };
/* End PBXFileReference section */

/* Begin PBXFrameworksBuildPhase section */
		AD0F3A431CA1D3F100CDC1E2 /* Frameworks */ = {
			isa = PBXFrameworksBuildPhase;
			buildActionMask = 2147483647;
			files = (
			);
			runOnlyForDeploymentPostprocessing = 0;
		};
/* End PBXFrameworksBuildPhase section */

/* Begin PBXGroup section */
		AD0F3A3D1CA1D3F100CDC1E2 = {
			isa = PBXGroup;
			children = (
				AD0F3A481CA1D3F100CDC1E2 /* ShoppingListSingle */,
				AD0F3A471CA1D3F100CDC1E2 /* Products */,
			);
			sourceTree = "<group>";
		};
		AD0F3A471CA1D3F100CDC1E2 /* Products */ = {
			isa = PBXGroup;
			children = (
				AD0F3A461CA1D3F100CDC1E2 /* ShoppingListSingle.app */,
			);
			name = Products;
			sourceTree = "<group>";
		};
		AD0F3A481CA1D3F100CDC1E2 /* ShoppingListSingle */ = {
			isa = PBXGroup;
			children = (
				AD6A96CF1CA9E3630060BADC /* Model */,
				AD0F3A491CA1D3F100CDC1E2 /* AppDelegate.swift */,
				AD0F3A4B1CA1D3F100CDC1E2 /* ShoppingListViewController.swift */,
				AD0F3A4D1CA1D3F100CDC1E2 /* Main.storyboard */,
				AD0F3A531CA1D3F100CDC1E2 /* Assets.xcassets */,
				AD0F3A551CA1D3F100CDC1E2 /* LaunchScreen.storyboard */,
				AD0F3A581CA1D3F100CDC1E2 /* Info.plist */,
				AD0F3A501CA1D3F100CDC1E2 /* ShoppingListSingle.xcdatamodeld */,
			);
			path = ShoppingListSingle;
			sourceTree = "<group>";
		};
		AD6A96CF1CA9E3630060BADC /* Model */ = {
			isa = PBXGroup;
			children = (
				AD6A96D01CA9E3710060BADC /* ShoppingItem.swift */,
			);
			name = Model;
			sourceTree = "<group>";
		};
/* End PBXGroup section */

/* Begin PBXNativeTarget section */
		AD0F3A451CA1D3F100CDC1E2 /* ShoppingListSingle */ = {
			isa = PBXNativeTarget;
			buildConfigurationList = AD0F3A5B1CA1D3F100CDC1E2 /* Build configuration list for PBXNativeTarget "ShoppingListSingle" */;
			buildPhases = (
				AD0F3A421CA1D3F100CDC1E2 /* Sources */,
				AD0F3A431CA1D3F100CDC1E2 /* Frameworks */,
				AD0F3A441CA1D3F100CDC1E2 /* Resources */,
			);
			buildRules = (
			);
			dependencies = (
			);
			name = ShoppingListSingle;
			productName = ShoppingListSingle;
			productReference = AD0F3A461CA1D3F100CDC1E2 /* ShoppingListSingle.app */;
			productType = "com.apple.product-type.application";
		};
/* End PBXNativeTarget section */

/* Begin PBXProject section */
		AD0F3A3E1CA1D3F100CDC1E2 /* Project object */ = {
			isa = PBXProject;
			attributes = {
				LastUpgradeCheck = 0700;
				ORGANIZATIONNAME = Ivie;
				TargetAttributes = {
					AD0F3A451CA1D3F100CDC1E2 = {
						CreatedOnToolsVersion = 7.0.1;
					};
				};
			};
			buildConfigurationList = AD0F3A411CA1D3F100CDC1E2 /* Build configuration list for PBXProject "ShoppingListSingle" */;
			compatibilityVersion = "Xcode 3.2";
			developmentRegion = English;
			hasScannedForEncodings = 0;
			knownRegions = (
				en,
				Base,
			);
			mainGroup = AD0F3A3D1CA1D3F100CDC1E2;
			productRefGroup = AD0F3A471CA1D3F100CDC1E2 /* Products */;
			projectDirPath = "";
			projectRoot = "";
			targets = (
				AD0F3A451CA1D3F100CDC1E2 /* ShoppingListSingle */,
			);
		};
/* End PBXProject section */

/* Begin PBXResourcesBuildPhase section */
		AD0F3A441CA1D3F100CDC1E2 /* Resources */ = {
			isa = PBXResourcesBuildPhase;
			buildActionMask = 2147483647;
			files = (
				AD0F3A571CA1D3F100CDC1E2 /* LaunchScreen.storyboard in Resources */,
				AD0F3A541CA1D3F100CDC1E2 /* Assets.xcassets in Resources */,
				AD0F3A4F1CA1D3F100CDC1E2 /* Main.storyboard in Resources */,
			);
			runOnlyForDeploymentPostprocessing = 0;
		};
/* End PBXResourcesBuildPhase section */

/* Begin PBXSourcesBuildPhase section */
		AD0F3A421CA1D3F100CDC1E2 /* Sources */ = {
			isa = PBXSourcesBuildPhase;
			buildActionMask = 2147483647;
			files = (
				AD6A96D11CA9E3710060BADC /* ShoppingItem.swift in Sources */,
				AD0F3A4C1CA1D3F100CDC1E2 /* ShoppingListViewController.swift in Sources */,
				AD0F3A4A1CA1D3F100CDC1E2 /* AppDelegate.swift in Sources */,
				AD0F3A521CA1D3F100CDC1E2 /* ShoppingListSingle.xcdatamodeld in Sources */,
			);
			runOnlyForDeploymentPostprocessing = 0;
		};
/* End PBXSourcesBuildPhase section */

/* Begin PBXVariantGroup section */
		AD0F3A4D1CA1D3F100CDC1E2 /* Main.storyboard */ = {
			isa = PBXVariantGroup;
			children = (
				AD0F3A4E1CA1D3F100CDC1E2 /* Base */,
			);
			name = Main.storyboard;
			sourceTree = "<group>";
		};
		AD0F3A551CA1D3F100CDC1E2 /* LaunchScreen.storyboard */ = {
			isa = PBXVariantGroup;
			children = (
				AD0F3A561CA1D3F100CDC1E2 /* Base */,
			);
			name = LaunchScreen.storyboard;
			sourceTree = "<group>";
		};
/* End PBXVariantGroup section */

/* Begin XCBuildConfiguration section */
		AD0F3A591CA1D3F100CDC1E2 /* Debug */ = {
			isa = XCBuildConfiguration;
			buildSettings = {
				ALWAYS_SEARCH_USER_PATHS = NO;
				CLANG_CXX_LANGUAGE_STANDARD = "gnu++0x";
				CLANG_CXX_LIBRARY = "libc++";
				CLANG_ENABLE_MODULES = YES;
				CLANG_ENABLE_OBJC_ARC = YES;
				CLANG_WARN_BOOL_CONVERSION = YES;
				CLANG_WARN_CONSTANT_CONVERSION = YES;
				CLANG_WARN_DIRECT_OBJC_ISA_USAGE = YES_ERROR;
				CLANG_WARN_EMPTY_BODY = YES;
				CLANG_WARN_ENUM_CONVERSION = YES;
				CLANG_WARN_INT_CONVERSION = YES;
				CLANG_WARN_OBJC_ROOT_CLASS = YES_ERROR;
				CLANG_WARN_UNREACHABLE_CODE = YES;
				CLANG_WARN__DUPLICATE_METHOD_MATCH = YES;
				"CODE_SIGN_IDENTITY[sdk=iphoneos*]" = "iPhone Developer";
				COPY_PHASE_STRIP = NO;
				DEBUG_INFORMATION_FORMAT = dwarf;
				ENABLE_STRICT_OBJC_MSGSEND = YES;
				ENABLE_TESTABILITY = YES;
				GCC_C_LANGUAGE_STANDARD = gnu99;
				GCC_DYNAMIC_NO_PIC = NO;
				GCC_NO_COMMON_BLOCKS = YES;
				GCC_OPTIMIZATION_LEVEL = 0;
				GCC_PREPROCESSOR_DEFINITIONS = (
					"DEBUG=1",
					"$(inherited)",
				);
				GCC_WARN_64_TO_32_BIT_CONVERSION = YES;
				GCC_WARN_ABOUT_RETURN_TYPE = YES_ERROR;
				GCC_WARN_UNDECLARED_SELECTOR = YES;
				GCC_WARN_UNINITIALIZED_AUTOS = YES_AGGRESSIVE;
				GCC_WARN_UNUSED_FUNCTION = YES;
				GCC_WARN_UNUSED_VARIABLE = YES;
				IPHONEOS_DEPLOYMENT_TARGET = 9.0;
				MTL_ENABLE_DEBUG_INFO = YES;
				ONLY_ACTIVE_ARCH = YES;
				SDKROOT = iphoneos;
				SWIFT_OPTIMIZATION_LEVEL = "-Onone";
			};
			name = Debug;
		};
		AD0F3A5A1CA1D3F100CDC1E2 /* Release */ = {
			isa = XCBuildConfiguration;
			buildSettings = {
				ALWAYS_SEARCH_USER_PATHS = NO;
				CLANG_CXX_LANGUAGE_STANDARD = "gnu++0x";
				CLANG_CXX_LIBRARY = "libc++";
				CLANG_ENABLE_MODULES = YES;
				CLANG_ENABLE_OBJC_ARC = YES;
				CLANG_WARN_BOOL_CONVERSION = YES;
				CLANG_WARN_CONSTANT_CONVERSION = YES;
				CLANG_WARN_DIRECT_OBJC_ISA_USAGE = YES_ERROR;
				CLANG_WARN_EMPTY_BODY = YES;
				CLANG_WARN_ENUM_CONVERSION = YES;
				CLANG_WARN_INT_CONVERSION = YES;
				CLANG_WARN_OBJC_ROOT_CLASS = YES_ERROR;
				CLANG_WARN_UNREACHABLE_CODE = YES;
				CLANG_WARN__DUPLICATE_METHOD_MATCH = YES;
				"CODE_SIGN_IDENTITY[sdk=iphoneos*]" = "iPhone Developer";
				COPY_PHASE_STRIP = NO;
				DEBUG_INFORMATION_FORMAT = "dwarf-with-dsym";
				ENABLE_NS_ASSERTIONS = NO;
				ENABLE_STRICT_OBJC_MSGSEND = YES;
				GCC_C_LANGUAGE_STANDARD = gnu99;
				GCC_NO_COMMON_BLOCKS = YES;
				GCC_WARN_64_TO_32_BIT_CONVERSION = YES;
				GCC_WARN_ABOUT_RETURN_TYPE = YES_ERROR;
				GCC_WARN_UNDECLARED_SELECTOR = YES;
				GCC_WARN_UNINITIALIZED_AUTOS = YES_AGGRESSIVE;
				GCC_WARN_UNUSED_FUNCTION = YES;
				GCC_WARN_UNUSED_VARIABLE = YES;
				IPHONEOS_DEPLOYMENT_TARGET = 9.0;
				MTL_ENABLE_DEBUG_INFO = NO;
				SDKROOT = iphoneos;
				VALIDATE_PRODUCT = YES;
			};
			name = Release;
		};
		AD0F3A5C1CA1D3F100CDC1E2 /* Debug */ = {
			isa = XCBuildConfiguration;
			buildSettings = {
				ASSETCATALOG_COMPILER_APPICON_NAME = AppIcon;
				INFOPLIST_FILE = ShoppingListSingle/Info.plist;
				LD_RUNPATH_SEARCH_PATHS = "$(inherited) @executable_path/Frameworks";
				PRODUCT_BUNDLE_IDENTIFIER = com.ivie.ShoppingListSingle;
				PRODUCT_NAME = "$(TARGET_NAME)";
			};
			name = Debug;
		};
		AD0F3A5D1CA1D3F100CDC1E2 /* Release */ = {
			isa = XCBuildConfiguration;
			buildSettings = {
				ASSETCATALOG_COMPILER_APPICON_NAME = AppIcon;
				INFOPLIST_FILE = ShoppingListSingle/Info.plist;
				LD_RUNPATH_SEARCH_PATHS = "$(inherited) @executable_path/Frameworks";
				PRODUCT_BUNDLE_IDENTIFIER = com.ivie.ShoppingListSingle;
				PRODUCT_NAME = "$(TARGET_NAME)";
			};
			name = Release;
		};
/* End XCBuildConfiguration section */

/* Begin XCConfigurationList section */
		AD0F3A411CA1D3F100CDC1E2 /* Build configuration list for PBXProject "ShoppingListSingle" */ = {
			isa = XCConfigurationList;
			buildConfigurations = (
				AD0F3A591CA1D3F100CDC1E2 /* Debug */,
				AD0F3A5A1CA1D3F100CDC1E2 /* Release */,
			);
			defaultConfigurationIsVisible = 0;
			defaultConfigurationName = Release;
		};
		AD0F3A5B1CA1D3F100CDC1E2 /* Build configuration list for PBXNativeTarget "ShoppingListSingle" */ = {
			isa = XCConfigurationList;
			buildConfigurations = (
				AD0F3A5C1CA1D3F100CDC1E2 /* Debug */,
				AD0F3A5D1CA1D3F100CDC1E2 /* Release */,
			);
			defaultConfigurationIsVisible = 0;
			defaultConfigurationName = Release;
		};
/* End XCConfigurationList section */

/* Begin XCVersionGroup section */
		AD0F3A501CA1D3F100CDC1E2 /* ShoppingListSingle.xcdatamodeld */ = {
			isa = XCVersionGroup;
			children = (
				AD0F3A511CA1D3F100CDC1E2 /* ShoppingListSingle.xcdatamodel */,
			);
			currentVersion = AD0F3A511CA1D3F100CDC1E2 /* ShoppingListSingle.xcdatamodel */;
			path = ShoppingListSingle.xcdatamodeld;
			sourceTree = "<group>";
			versionGroupType = wrapper.xcdatamodel;
		};
/* End XCVersionGroup section */
	};
	rootObject = AD0F3A3E1CA1D3F100CDC1E2 /* Project object */;
}
